
Microsoft Visual Studio Solution File, Format Version 12.00
# Visual Studio 14
VisualStudioVersion = 14.0.25420.1
MinimumVisualStudioVersion = 10.0.40219.1
Project("{FAE04EC0-301F-11D3-BF4B-00C04F79EFBC}") = "SamsApp2.Droid", "SamsApp2\SamsApp2.Droid\SamsApp2.Droid.csproj", "{D8AB421C-55A0-49BB-A7EF-A2B3B7DE31CB}"
EndProject
Project("{FAE04EC0-301F-11D3-BF4B-00C04F79EFBC}") = "SamsApp2.iOS", "SamsApp2\SamsApp2.iOS\SamsApp2.iOS.csproj", "{87B63515-F9F4-4A3D-8825-1B6186511B34}"
EndProject
Project("{FAE04EC0-301F-11D3-BF4B-00C04F79EFBC}") = "SamsApp2", "SamsApp2\SamsApp2\SamsApp2.csproj", "{140FE5F7-3CA9-4BB3-A8D8-4F3C98E9759E}"
EndProject
Global
	GlobalSection(SolutionConfigurationPlatforms) = preSolution
		Ad-Hoc|Any CPU = Ad-Hoc|Any CPU
		Ad-Hoc|ARM = Ad-Hoc|ARM
		Ad-Hoc|iPhone = Ad-Hoc|iPhone
		Ad-Hoc|iPhoneSimulator = Ad-Hoc|iPhoneSimulator
		Ad-Hoc|x64 = Ad-Hoc|x64
		Ad-Hoc|x86 = Ad-Hoc|x86
		AppStore|Any CPU = AppStore|Any CPU
		AppStore|ARM = AppStore|ARM
		AppStore|iPhone = AppStore|iPhone
		AppStore|iPhoneSimulator = AppStore|iPhoneSimulator
		AppStore|x64 = AppStore|x64
		AppStore|x86 = AppStore|x86
		Debug|Any CPU = Debug|Any CPU
		Debug|ARM = Debug|ARM
		Debug|iPhone = Debug|iPhone
		Debug|iPhoneSimulator = Debug|iPhoneSimulator
		Debug|x64 = Debug|x64
		Debug|x86 = Debug|x86
		Release|Any CPU = Release|Any CPU
		Release|ARM = Release|ARM
		Release|iPhone = Release|iPhone
		Release|iPhoneSimulator = Release|iPhoneSimulator
		Release|x64 = Release|x64
		Release|x86 = Release|x86
	EndGlobalSection
	GlobalSection(ProjectConfigurationPlatforms) = postSolution
		{D8AB421C-55A0-49BB-A7EF-A2B3B7DE31CB}.Ad-Hoc|Any CPU.ActiveCfg = Release|Any CPU
		{D8AB421C-55A0-49BB-A7EF-A2B3B7DE31CB}.Ad-Hoc|Any CPU.Build.0 = Release|Any CPU
		{D8AB421C-55A0-49BB-A7EF-A2B3B7DE31CB}.Ad-Hoc|Any CPU.Deploy.0 = Release|Any CPU
		{D8AB421C-55A0-49BB-A7EF-A2B3B7DE31CB}.Ad-Hoc|ARM.ActiveCfg = Release|Any CPU
		{D8AB421C-55A0-49BB-A7EF-A2B3B7DE31CB}.Ad-Hoc|ARM.Build.0 = Release|Any CPU
		{D8AB421C-55A0-49BB-A7EF-A2B3B7DE31CB}.Ad-Hoc|ARM.Deploy.0 = Release|Any CPU
		{D8AB421C-55A0-49BB-A7EF-A2B3B7DE31CB}.Ad-Hoc|iPhone.ActiveCfg = Release|Any CPU
		{D8AB421C-55A0-49BB-A7EF-A2B3B7DE31CB}.Ad-Hoc|iPhone.Build.0 = Release|Any CPU
		{D8AB421C-55A0-49BB-A7EF-A2B3B7DE31CB}.Ad-Hoc|iPhone.Deploy.0 = Release|Any CPU
		{D8AB421C-55A0-49BB-A7EF-A2B3B7DE31CB}.Ad-Hoc|iPhoneSimulator.ActiveCfg = Release|Any CPU
		{D8AB421C-55A0-49BB-A7EF-A2B3B7DE31CB}.Ad-Hoc|iPhoneSimulator.Build.0 = Release|Any CPU
		{D8AB421C-55A0-49BB-A7EF-A2B3B7DE31CB}.Ad-Hoc|iPhoneSimulator.Deploy.0 = Release|Any CPU
		{D8AB421C-55A0-49BB-A7EF-A2B3B7DE31CB}.Ad-Hoc|x64.ActiveCfg = Release|Any CPU
		{D8AB421C-55A0-49BB-A7EF-A2B3B7DE31CB}.Ad-Hoc|x64.Build.0 = Release|Any CPU
		{D8AB421C-55A0-49BB-A7EF-A2B3B7DE31CB}.Ad-Hoc|x64.Deploy.0 = Release|Any CPU
		{D8AB421C-55A0-49BB-A7EF-A2B3B7DE31CB}.Ad-Hoc|x86.ActiveCfg = Release|Any CPU
		{D8AB421C-55A0-49BB-A7EF-A2B3B7DE31CB}.Ad-Hoc|x86.Build.0 = Release|Any CPU
		{D8AB421C-55A0-49BB-A7EF-A2B3B7DE31CB}.Ad-Hoc|x86.Deploy.0 = Release|Any CPU
		{D8AB421C-55A0-49BB-A7EF-A2B3B7DE31CB}.AppStore|Any CPU.ActiveCfg = Release|Any CPU
		{D8AB421C-55A0-49BB-A7EF-A2B3B7DE31CB}.AppStore|Any CPU.Build.0 = Release|Any CPU
		{D8AB421C-55A0-49BB-A7EF-A2B3B7DE31CB}.AppStore|Any CPU.Deploy.0 = Release|Any CPU
		{D8AB421C-55A0-49BB-A7EF-A2B3B7DE31CB}.AppStore|ARM.ActiveCfg = Release|Any CPU
		{D8AB421C-55A0-49BB-A7EF-A2B3B7DE31CB}.AppStore|ARM.Build.0 = Release|Any CPU
		{D8AB421C-55A0-49BB-A7EF-A2B3B7DE31CB}.AppStore|ARM.Deploy.0 = Release|Any CPU
		{D8AB421C-55A0-49BB-A7EF-A2B3B7DE31CB}.AppStore|iPhone.ActiveCfg = Release|Any CPU
		{D8AB421C-55A0-49BB-A7EF-A2B3B7DE31CB}.AppStore|iPhone.Build.0 = Release|Any CPU
		{D8AB421C-55A0-49BB-A7EF-A2B3B7DE31CB}.AppStore|iPhone.Deploy.0 = Release|Any CPU
		{D8AB421C-55A0-49BB-A7EF-A2B3B7DE31CB}.AppStore|iPhoneSimulator.ActiveCfg = Release|Any CPU
		{D8AB421C-55A0-49BB-A7EF-A2B3B7DE31CB}.AppStore|iPhoneSimulator.Build.0 = Release|Any CPU
		{D8AB421C-55A0-49BB-A7EF-A2B3B7DE31CB}.AppStore|iPhoneSimulator.Deploy.0 = Release|Any CPU
		{D8AB421C-55A0-49BB-A7EF-A2B3B7DE31CB}.AppStore|x64.ActiveCfg = Release|Any CPU
		{D8AB421C-55A0-49BB-A7EF-A2B3B7DE31CB}.AppStore|x64.Build.0 = Release|Any CPU
		{D8AB421C-55A0-49BB-A7EF-A2B3B7DE31CB}.AppStore|x64.Deploy.0 = Release|Any CPU
		{D8AB421C-55A0-49BB-A7EF-A2B3B7DE31CB}.AppStore|x86.ActiveCfg = Release|Any CPU
		{D8AB421C-55A0-49BB-A7EF-A2B3B7DE31CB}.AppStore|x86.Build.0 = Release|Any CPU
		{D8AB421C-55A0-49BB-A7EF-A2B3B7DE31CB}.AppStore|x86.Deploy.0 = Release|Any CPU
		{D8AB421C-55A0-49BB-A7EF-A2B3B7DE31CB}.Debug|Any CPU.ActiveCfg = Debug|Any CPU
		{D8AB421C-55A0-49BB-A7EF-A2B3B7DE31CB}.Debug|Any CPU.Build.0 = Debug|Any CPU
		{D8AB421C-55A0-49BB-A7EF-A2B3B7DE31CB}.Debug|Any CPU.Deploy.0 = Debug|Any CPU
		{D8AB421C-55A0-49BB-A7EF-A2B3B7DE31CB}.Debug|ARM.ActiveCfg = Debug|Any CPU
		{D8AB421C-55A0-49BB-A7EF-A2B3B7DE31CB}.Debug|ARM.Build.0 = Debug|Any CPU
		{D8AB421C-55A0-49BB-A7EF-A2B3B7DE31CB}.Debug|ARM.Deploy.0 = Debug|Any CPU
		{D8AB421C-55A0-49BB-A7EF-A2B3B7DE31CB}.Debug|iPhone.ActiveCfg = Debug|Any CPU
		{D8AB421C-55A0-49BB-A7EF-A2B3B7DE31CB}.Debug|iPhone.Build.0 = Debug|Any CPU
		{D8AB421C-55A0-49BB-A7EF-A2B3B7DE31CB}.Debug|iPhone.Deploy.0 = Debug|Any CPU
		{D8AB421C-55A0-49BB-A7EF-A2B3B7DE31CB}.Debug|iPhoneSimulator.ActiveCfg = Debug|Any CPU
		{D8AB421C-55A0-49BB-A7EF-A2B3B7DE31CB}.Debug|iPhoneSimulator.Build.0 = Debug|Any CPU
		{D8AB421C-55A0-49BB-A7EF-A2B3B7DE31CB}.Debug|iPhoneSimulator.Deploy.0 = Debug|Any CPU
		{D8AB421C-55A0-49BB-A7EF-A2B3B7DE31CB}.Debug|x64.ActiveCfg = Debug|Any CPU
		{D8AB421C-55A0-49BB-A7EF-A2B3B7DE31CB}.Debug|x64.Build.0 = Debug|Any CPU
		{D8AB421C-55A0-49BB-A7EF-A2B3B7DE31CB}.Debug|x64.Deploy.0 = Debug|Any CPU
		{D8AB421C-55A0-49BB-A7EF-A2B3B7DE31CB}.Debug|x86.ActiveCfg = Debug|Any CPU
		{D8AB421C-55A0-49BB-A7EF-A2B3B7DE31CB}.Debug|x86.Build.0 = Debug|Any CPU
		{D8AB421C-55A0-49BB-A7EF-A2B3B7DE31CB}.Debug|x86.Deploy.0 = Debug|Any CPU
		{D8AB421C-55A0-49BB-A7EF-A2B3B7DE31CB}.Release|Any CPU.ActiveCfg = Release|Any CPU
		{D8AB421C-55A0-49BB-A7EF-A2B3B7DE31CB}.Release|Any CPU.Build.0 = Release|Any CPU
		{D8AB421C-55A0-49BB-A7EF-A2B3B7DE31CB}.Release|Any CPU.Deploy.0 = Release|Any CPU
		{D8AB421C-55A0-49BB-A7EF-A2B3B7DE31CB}.Release|ARM.ActiveCfg = Release|Any CPU
		{D8AB421C-55A0-49BB-A7EF-A2B3B7DE31CB}.Release|ARM.Build.0 = Release|Any CPU
		{D8AB421C-55A0-49BB-A7EF-A2B3B7DE31CB}.Release|ARM.Deploy.0 = Release|Any CPU
		{D8AB421C-55A0-49BB-A7EF-A2B3B7DE31CB}.Release|iPhone.ActiveCfg = Release|Any CPU
		{D8AB421C-55A0-49BB-A7EF-A2B3B7DE31CB}.Release|iPhone.Build.0 = Release|Any CPU
		{D8AB421C-55A0-49BB-A7EF-A2B3B7DE31CB}.Release|iPhone.Deploy.0 = Release|Any CPU
		{D8AB421C-55A0-49BB-A7EF-A2B3B7DE31CB}.Release|iPhoneSimulator.ActiveCfg = Release|Any CPU
		{D8AB421C-55A0-49BB-A7EF-A2B3B7DE31CB}.Release|iPhoneSimulator.Build.0 = Release|Any CPU
		{D8AB421C-55A0-49BB-A7EF-A2B3B7DE31CB}.Release|iPhoneSimulator.Deploy.0 = Release|Any CPU
		{D8AB421C-55A0-49BB-A7EF-A2B3B7DE31CB}.Release|x64.ActiveCfg = Release|Any CPU
		{D8AB421C-55A0-49BB-A7EF-A2B3B7DE31CB}.Release|x64.Build.0 = Release|Any CPU
		{D8AB421C-55A0-49BB-A7EF-A2B3B7DE31CB}.Release|x64.Deploy.0 = Release|Any CPU
		{D8AB421C-55A0-49BB-A7EF-A2B3B7DE31CB}.Release|x86.ActiveCfg = Release|Any CPU
		{D8AB421C-55A0-49BB-A7EF-A2B3B7DE31CB}.Release|x86.Build.0 = Release|Any CPU
		{D8AB421C-55A0-49BB-A7EF-A2B3B7DE31CB}.Release|x86.Deploy.0 = Release|Any CPU
		{87B63515-F9F4-4A3D-8825-1B6186511B34}.Ad-Hoc|Any CPU.ActiveCfg = Ad-Hoc|iPhone
		{87B63515-F9F4-4A3D-8825-1B6186511B34}.Ad-Hoc|ARM.ActiveCfg = Ad-Hoc|iPhone
		{87B63515-F9F4-4A3D-8825-1B6186511B34}.Ad-Hoc|iPhone.ActiveCfg = Ad-Hoc|iPhone
		{87B63515-F9F4-4A3D-8825-1B6186511B34}.Ad-Hoc|iPhone.Build.0 = Ad-Hoc|iPhone
		{87B63515-F9F4-4A3D-8825-1B6186511B34}.Ad-Hoc|iPhoneSimulator.ActiveCfg = Ad-Hoc|iPhoneSimulator
		{87B63515-F9F4-4A3D-8825-1B6186511B34}.Ad-Hoc|iPhoneSimulator.Build.0 = Ad-Hoc|iPhoneSimulator
		{87B63515-F9F4-4A3D-8825-1B6186511B34}.Ad-Hoc|x64.ActiveCfg = Ad-Hoc|iPhone
		{87B63515-F9F4-4A3D-8825-1B6186511B34}.Ad-Hoc|x86.ActiveCfg = Ad-Hoc|iPhone
		{87B63515-F9F4-4A3D-8825-1B6186511B34}.AppStore|Any CPU.ActiveCfg = AppStore|iPhone
		{87B63515-F9F4-4A3D-8825-1B6186511B34}.AppStore|ARM.ActiveCfg = AppStore|iPhone
		{87B63515-F9F4-4A3D-8825-1B6186511B34}.AppStore|iPhone.ActiveCfg = AppStore|iPhone
		{87B63515-F9F4-4A3D-8825-1B6186511B34}.AppStore|iPhone.Build.0 = AppStore|iPhone
		{87B63515-F9F4-4A3D-8825-1B6186511B34}.AppStore|iPhoneSimulator.ActiveCfg = AppStore|iPhoneSimulator
		{87B63515-F9F4-4A3D-8825-1B6186511B34}.AppStore|iPhoneSimulator.Build.0 = AppStore|iPhoneSimulator
		{87B63515-F9F4-4A3D-8825-1B6186511B34}.AppStore|x64.ActiveCfg = AppStore|iPhone
		{87B63515-F9F4-4A3D-8825-1B6186511B34}.AppStore|x86.ActiveCfg = AppStore|iPhone
		{87B63515-F9F4-4A3D-8825-1B6186511B34}.Debug|Any CPU.ActiveCfg = Debug|iPhone
		{87B63515-F9F4-4A3D-8825-1B6186511B34}.Debug|ARM.ActiveCfg = Debug|iPhone
		{87B63515-F9F4-4A3D-8825-1B6186511B34}.Debug|iPhone.ActiveCfg = Debug|iPhone
		{87B63515-F9F4-4A3D-8825-1B6186511B34}.Debug|iPhone.Build.0 = Debug|iPhone
		{87B63515-F9F4-4A3D-8825-1B6186511B34}.Debug|iPhoneSimulator.ActiveCfg = Debug|iPhoneSimulator
		{87B63515-F9F4-4A3D-8825-1B6186511B34}.Debug|iPhoneSimulator.Build.0 = Debug|iPhoneSimulator
		{87B63515-F9F4-4A3D-8825-1B6186511B34}.Debug|x64.ActiveCfg = Debug|iPhone
		{87B63515-F9F4-4A3D-8825-1B6186511B34}.Debug|x86.ActiveCfg = Debug|iPhone
		{87B63515-F9F4-4A3D-8825-1B6186511B34}.Release|Any CPU.ActiveCfg = Release|iPhone
		{87B63515-F9F4-4A3D-8825-1B6186511B34}.Release|ARM.ActiveCfg = Release|iPhone
		{87B63515-F9F4-4A3D-8825-1B6186511B34}.Release|iPhone.ActiveCfg = Release|iPhone
		{87B63515-F9F4-4A3D-8825-1B6186511B34}.Release|iPhone.Build.0 = Release|iPhone
		{87B63515-F9F4-4A3D-8825-1B6186511B34}.Release|iPhoneSimulator.ActiveCfg = Release|iPhoneSimulator
		{87B63515-F9F4-4A3D-8825-1B6186511B34}.Release|iPhoneSimulator.Build.0 = Release|iPhoneSimulator
		{87B63515-F9F4-4A3D-8825-1B6186511B34}.Release|x64.ActiveCfg = Release|iPhone
		{87B63515-F9F4-4A3D-8825-1B6186511B34}.Release|x86.ActiveCfg = Release|iPhone
		{140FE5F7-3CA9-4BB3-A8D8-4F3C98E9759E}.Ad-Hoc|Any CPU.ActiveCfg = Release|Any CPU
		{140FE5F7-3CA9-4BB3-A8D8-4F3C98E9759E}.Ad-Hoc|Any CPU.Build.0 = Release|Any CPU
		{140FE5F7-3CA9-4BB3-A8D8-4F3C98E9759E}.Ad-Hoc|ARM.ActiveCfg = Release|Any CPU
		{140FE5F7-3CA9-4BB3-A8D8-4F3C98E9759E}.Ad-Hoc|ARM.Build.0 = Release|Any CPU
		{140FE5F7-3CA9-4BB3-A8D8-4F3C98E9759E}.Ad-Hoc|iPhone.ActiveCfg = Release|Any CPU
		{140FE5F7-3CA9-4BB3-A8D8-4F3C98E9759E}.Ad-Hoc|iPhone.Build.0 = Release|Any CPU
		{140FE5F7-3CA9-4BB3-A8D8-4F3C98E9759E}.Ad-Hoc|iPhoneSimulator.ActiveCfg = Release|Any CPU
		{140FE5F7-3CA9-4BB3-A8D8-4F3C98E9759E}.Ad-Hoc|iPhoneSimulator.Build.0 = Release|Any CPU
		{140FE5F7-3CA9-4BB3-A8D8-4F3C98E9759E}.Ad-Hoc|x64.ActiveCfg = Release|Any CPU
		{140FE5F7-3CA9-4BB3-A8D8-4F3C98E9759E}.Ad-Hoc|x64.Build.0 = Release|Any CPU
		{140FE5F7-3CA9-4BB3-A8D8-4F3C98E9759E}.Ad-Hoc|x86.ActiveCfg = Release|Any CPU
		{140FE5F7-3CA9-4BB3-A8D8-4F3C98E9759E}.Ad-Hoc|x86.Build.0 = Release|Any CPU
		{140FE5F7-3CA9-4BB3-A8D8-4F3C98E9759E}.AppStore|Any CPU.ActiveCfg = Release|Any CPU
		{140FE5F7-3CA9-4BB3-A8D8-4F3C98E9759E}.AppStore|Any CPU.Build.0 = Release|Any CPU
		{140FE5F7-3CA9-4BB3-A8D8-4F3C98E9759E}.AppStore|ARM.ActiveCfg = Release|Any CPU
		{140FE5F7-3CA9-4BB3-A8D8-4F3C98E9759E}.AppStore|ARM.Build.0 = Release|Any CPU
		{140FE5F7-3CA9-4BB3-A8D8-4F3C98E9759E}.AppStore|iPhone.ActiveCfg = Release|Any CPU
		{140FE5F7-3CA9-4BB3-A8D8-4F3C98E9759E}.AppStore|iPhone.Build.0 = Release|Any CPU
		{140FE5F7-3CA9-4BB3-A8D8-4F3C98E9759E}.AppStore|iPhoneSimulator.ActiveCfg = Release|Any CPU
		{140FE5F7-3CA9-4BB3-A8D8-4F3C98E9759E}.AppStore|iPhoneSimulator.Build.0 = Release|Any CPU
		{140FE5F7-3CA9-4BB3-A8D8-4F3C98E9759E}.AppStore|x64.ActiveCfg = Release|Any CPU
		{140FE5F7-3CA9-4BB3-A8D8-4F3C98E9759E}.AppStore|x64.Build.0 = Release|Any CPU
		{140FE5F7-3CA9-4BB3-A8D8-4F3C98E9759E}.AppStore|x86.ActiveCfg = Release|Any CPU
		{140FE5F7-3CA9-4BB3-A8D8-4F3C98E9759E}.AppStore|x86.Build.0 = Release|Any CPU
		{140FE5F7-3CA9-4BB3-A8D8-4F3C98E9759E}.Debug|Any CPU.ActiveCfg = Debug|Any CPU
		{140FE5F7-3CA9-4BB3-A8D8-4F3C98E9759E}.Debug|Any CPU.Build.0 = Debug|Any CPU
		{140FE5F7-3CA9-4BB3-A8D8-4F3C98E9759E}.Debug|ARM.ActiveCfg = Debug|Any CPU
		{140FE5F7-3CA9-4BB3-A8D8-4F3C98E9759E}.Debug|ARM.Build.0 = Debug|Any CPU
		{140FE5F7-3CA9-4BB3-A8D8-4F3C98E9759E}.Debug|iPhone.ActiveCfg = Debug|Any CPU
		{140FE5F7-3CA9-4BB3-A8D8-4F3C98E9759E}.Debug|iPhone.Build.0 = Debug|Any CPU
		{140FE5F7-3CA9-4BB3-A8D8-4F3C98E9759E}.Debug|iPhoneSimulator.ActiveCfg = Debug|Any CPU
		{140FE5F7-3CA9-4BB3-A8D8-4F3C98E9759E}.Debug|iPhoneSimulator.Build.0 = Debug|Any CPU
		{140FE5F7-3CA9-4BB3-A8D8-4F3C98E9759E}.Debug|x64.ActiveCfg = Debug|Any CPU
		{140FE5F7-3CA9-4BB3-A8D8-4F3C98E9759E}.Debug|x64.Build.0 = Debug|Any CPU
		{140FE5F7-3CA9-4BB3-A8D8-4F3C98E9759E}.Debug|x86.ActiveCfg = Debug|Any CPU
		{140FE5F7-3CA9-4BB3-A8D8-4F3C98E9759E}.Debug|x86.Build.0 = Debug|Any CPU
		{140FE5F7-3CA9-4BB3-A8D8-4F3C98E9759E}.Release|Any CPU.ActiveCfg = Release|Any CPU
		{140FE5F7-3CA9-4BB3-A8D8-4F3C98E9759E}.Release|Any CPU.Build.0 = Release|Any CPU
		{140FE5F7-3CA9-4BB3-A8D8-4F3C98E9759E}.Release|ARM.ActiveCfg = Release|Any CPU
		{140FE5F7-3CA9-4BB3-A8D8-4F3C98E9759E}.Release|ARM.Build.0 = Release|Any CPU
		{140FE5F7-3CA9-4BB3-A8D8-4F3C98E9759E}.Release|iPhone.ActiveCfg = Release|Any CPU
		{140FE5F7-3CA9-4BB3-A8D8-4F3C98E9759E}.Release|iPhone.Build.0 = Release|Any CPU
		{140FE5F7-3CA9-4BB3-A8D8-4F3C98E9759E}.Release|iPhoneSimulator.ActiveCfg = Release|Any CPU
		{140FE5F7-3CA9-4BB3-A8D8-4F3C98E9759E}.Release|iPhoneSimulator.Build.0 = Release|Any CPU
		{140FE5F7-3CA9-4BB3-A8D8-4F3C98E9759E}.Release|x64.ActiveCfg = Release|Any CPU
		{140FE5F7-3CA9-4BB3-A8D8-4F3C98E9759E}.Release|x64.Build.0 = Release|Any CPU
		{140FE5F7-3CA9-4BB3-A8D8-4F3C98E9759E}.Release|x86.ActiveCfg = Release|Any CPU
		{140FE5F7-3CA9-4BB3-A8D8-4F3C98E9759E}.Release|x86.Build.0 = Release|Any CPU
	EndGlobalSection
	GlobalSection(SolutionProperties) = preSolution
		HideSolutionNode = FALSE
	EndGlobalSection
EndGlobal
