
Microsoft Visual Studio Solution File, Format Version 12.00
# Visual Studio 14
VisualStudioVersion = 14.0.25420.1
MinimumVisualStudioVersion = 10.0.40219.1
Project("{FAE04EC0-301F-11D3-BF4B-00C04F79EFBC}") = "SamsUsefulApp.Droid", "SamsUsefulApp\SamsUsefulApp.Droid\SamsUsefulApp.Droid.csproj", "{9FDB2850-98C5-4EC7-A45D-85C18B128B51}"
EndProject
Project("{FAE04EC0-301F-11D3-BF4B-00C04F79EFBC}") = "SamsUsefulApp.iOS", "SamsUsefulApp\SamsUsefulApp.iOS\SamsUsefulApp.iOS.csproj", "{226EB3B2-E517-4EFD-9D9B-7398841E6AB6}"
EndProject
Project("{FAE04EC0-301F-11D3-BF4B-00C04F79EFBC}") = "SamsUsefulApp.WinPhone", "SamsUsefulApp\SamsUsefulApp.WinPhone\SamsUsefulApp.WinPhone.csproj", "{4A2A5CE3-DB72-47E8-817C-D80EA641F249}"
EndProject
Project("{FAE04EC0-301F-11D3-BF4B-00C04F79EFBC}") = "SamsUsefulApp.Windows", "SamsUsefulApp\SamsUsefulApp.Windows\SamsUsefulApp.Windows.csproj", "{00FE7848-DA6B-4C88-B7FB-AECA2E28E3AB}"
EndProject
Project("{FAE04EC0-301F-11D3-BF4B-00C04F79EFBC}") = "SamsUsefulApp", "SamsUsefulApp\SamsUsefulApp\SamsUsefulApp.csproj", "{0A73C5B8-FEF6-4888-B358-665135566CAE}"
EndProject
Global
	GlobalSection(SolutionConfigurationPlatforms) = preSolution
		Ad-Hoc|Any CPU = Ad-Hoc|Any CPU
		Ad-Hoc|ARM = Ad-Hoc|ARM
		Ad-Hoc|iPhone = Ad-Hoc|iPhone
		Ad-Hoc|iPhoneSimulator = Ad-Hoc|iPhoneSimulator
		Ad-Hoc|x64 = Ad-Hoc|x64
		Ad-Hoc|x86 = Ad-Hoc|x86
		AppStore|Any CPU = AppStore|Any CPU
		AppStore|ARM = AppStore|ARM
		AppStore|iPhone = AppStore|iPhone
		AppStore|iPhoneSimulator = AppStore|iPhoneSimulator
		AppStore|x64 = AppStore|x64
		AppStore|x86 = AppStore|x86
		Debug|Any CPU = Debug|Any CPU
		Debug|ARM = Debug|ARM
		Debug|iPhone = Debug|iPhone
		Debug|iPhoneSimulator = Debug|iPhoneSimulator
		Debug|x64 = Debug|x64
		Debug|x86 = Debug|x86
		Release|Any CPU = Release|Any CPU
		Release|ARM = Release|ARM
		Release|iPhone = Release|iPhone
		Release|iPhoneSimulator = Release|iPhoneSimulator
		Release|x64 = Release|x64
		Release|x86 = Release|x86
	EndGlobalSection
	GlobalSection(ProjectConfigurationPlatforms) = postSolution
		{9FDB2850-98C5-4EC7-A45D-85C18B128B51}.Ad-Hoc|Any CPU.ActiveCfg = Release|Any CPU
		{9FDB2850-98C5-4EC7-A45D-85C18B128B51}.Ad-Hoc|Any CPU.Build.0 = Release|Any CPU
		{9FDB2850-98C5-4EC7-A45D-85C18B128B51}.Ad-Hoc|Any CPU.Deploy.0 = Release|Any CPU
		{9FDB2850-98C5-4EC7-A45D-85C18B128B51}.Ad-Hoc|ARM.ActiveCfg = Release|Any CPU
		{9FDB2850-98C5-4EC7-A45D-85C18B128B51}.Ad-Hoc|ARM.Build.0 = Release|Any CPU
		{9FDB2850-98C5-4EC7-A45D-85C18B128B51}.Ad-Hoc|ARM.Deploy.0 = Release|Any CPU
		{9FDB2850-98C5-4EC7-A45D-85C18B128B51}.Ad-Hoc|iPhone.ActiveCfg = Release|Any CPU
		{9FDB2850-98C5-4EC7-A45D-85C18B128B51}.Ad-Hoc|iPhone.Build.0 = Release|Any CPU
		{9FDB2850-98C5-4EC7-A45D-85C18B128B51}.Ad-Hoc|iPhone.Deploy.0 = Release|Any CPU
		{9FDB2850-98C5-4EC7-A45D-85C18B128B51}.Ad-Hoc|iPhoneSimulator.ActiveCfg = Release|Any CPU
		{9FDB2850-98C5-4EC7-A45D-85C18B128B51}.Ad-Hoc|iPhoneSimulator.Build.0 = Release|Any CPU
		{9FDB2850-98C5-4EC7-A45D-85C18B128B51}.Ad-Hoc|iPhoneSimulator.Deploy.0 = Release|Any CPU
		{9FDB2850-98C5-4EC7-A45D-85C18B128B51}.Ad-Hoc|x64.ActiveCfg = Release|Any CPU
		{9FDB2850-98C5-4EC7-A45D-85C18B128B51}.Ad-Hoc|x64.Build.0 = Release|Any CPU
		{9FDB2850-98C5-4EC7-A45D-85C18B128B51}.Ad-Hoc|x64.Deploy.0 = Release|Any CPU
		{9FDB2850-98C5-4EC7-A45D-85C18B128B51}.Ad-Hoc|x86.ActiveCfg = Release|Any CPU
		{9FDB2850-98C5-4EC7-A45D-85C18B128B51}.Ad-Hoc|x86.Build.0 = Release|Any CPU
		{9FDB2850-98C5-4EC7-A45D-85C18B128B51}.Ad-Hoc|x86.Deploy.0 = Release|Any CPU
		{9FDB2850-98C5-4EC7-A45D-85C18B128B51}.AppStore|Any CPU.ActiveCfg = Release|Any CPU
		{9FDB2850-98C5-4EC7-A45D-85C18B128B51}.AppStore|Any CPU.Build.0 = Release|Any CPU
		{9FDB2850-98C5-4EC7-A45D-85C18B128B51}.AppStore|Any CPU.Deploy.0 = Release|Any CPU
		{9FDB2850-98C5-4EC7-A45D-85C18B128B51}.AppStore|ARM.ActiveCfg = Release|Any CPU
		{9FDB2850-98C5-4EC7-A45D-85C18B128B51}.AppStore|ARM.Build.0 = Release|Any CPU
		{9FDB2850-98C5-4EC7-A45D-85C18B128B51}.AppStore|ARM.Deploy.0 = Release|Any CPU
		{9FDB2850-98C5-4EC7-A45D-85C18B128B51}.AppStore|iPhone.ActiveCfg = Release|Any CPU
		{9FDB2850-98C5-4EC7-A45D-85C18B128B51}.AppStore|iPhone.Build.0 = Release|Any CPU
		{9FDB2850-98C5-4EC7-A45D-85C18B128B51}.AppStore|iPhone.Deploy.0 = Release|Any CPU
		{9FDB2850-98C5-4EC7-A45D-85C18B128B51}.AppStore|iPhoneSimulator.ActiveCfg = Release|Any CPU
		{9FDB2850-98C5-4EC7-A45D-85C18B128B51}.AppStore|iPhoneSimulator.Build.0 = Release|Any CPU
		{9FDB2850-98C5-4EC7-A45D-85C18B128B51}.AppStore|iPhoneSimulator.Deploy.0 = Release|Any CPU
		{9FDB2850-98C5-4EC7-A45D-85C18B128B51}.AppStore|x64.ActiveCfg = Release|Any CPU
		{9FDB2850-98C5-4EC7-A45D-85C18B128B51}.AppStore|x64.Build.0 = Release|Any CPU
		{9FDB2850-98C5-4EC7-A45D-85C18B128B51}.AppStore|x64.Deploy.0 = Release|Any CPU
		{9FDB2850-98C5-4EC7-A45D-85C18B128B51}.AppStore|x86.ActiveCfg = Release|Any CPU
		{9FDB2850-98C5-4EC7-A45D-85C18B128B51}.AppStore|x86.Build.0 = Release|Any CPU
		{9FDB2850-98C5-4EC7-A45D-85C18B128B51}.AppStore|x86.Deploy.0 = Release|Any CPU
		{9FDB2850-98C5-4EC7-A45D-85C18B128B51}.Debug|Any CPU.ActiveCfg = Debug|Any CPU
		{9FDB2850-98C5-4EC7-A45D-85C18B128B51}.Debug|Any CPU.Build.0 = Debug|Any CPU
		{9FDB2850-98C5-4EC7-A45D-85C18B128B51}.Debug|Any CPU.Deploy.0 = Debug|Any CPU
		{9FDB2850-98C5-4EC7-A45D-85C18B128B51}.Debug|ARM.ActiveCfg = Debug|Any CPU
		{9FDB2850-98C5-4EC7-A45D-85C18B128B51}.Debug|ARM.Build.0 = Debug|Any CPU
		{9FDB2850-98C5-4EC7-A45D-85C18B128B51}.Debug|ARM.Deploy.0 = Debug|Any CPU
		{9FDB2850-98C5-4EC7-A45D-85C18B128B51}.Debug|iPhone.ActiveCfg = Debug|Any CPU
		{9FDB2850-98C5-4EC7-A45D-85C18B128B51}.Debug|iPhone.Build.0 = Debug|Any CPU
		{9FDB2850-98C5-4EC7-A45D-85C18B128B51}.Debug|iPhone.Deploy.0 = Debug|Any CPU
		{9FDB2850-98C5-4EC7-A45D-85C18B128B51}.Debug|iPhoneSimulator.ActiveCfg = Debug|Any CPU
		{9FDB2850-98C5-4EC7-A45D-85C18B128B51}.Debug|iPhoneSimulator.Build.0 = Debug|Any CPU
		{9FDB2850-98C5-4EC7-A45D-85C18B128B51}.Debug|iPhoneSimulator.Deploy.0 = Debug|Any CPU
		{9FDB2850-98C5-4EC7-A45D-85C18B128B51}.Debug|x64.ActiveCfg = Debug|Any CPU
		{9FDB2850-98C5-4EC7-A45D-85C18B128B51}.Debug|x64.Build.0 = Debug|Any CPU
		{9FDB2850-98C5-4EC7-A45D-85C18B128B51}.Debug|x64.Deploy.0 = Debug|Any CPU
		{9FDB2850-98C5-4EC7-A45D-85C18B128B51}.Debug|x86.ActiveCfg = Debug|Any CPU
		{9FDB2850-98C5-4EC7-A45D-85C18B128B51}.Debug|x86.Build.0 = Debug|Any CPU
		{9FDB2850-98C5-4EC7-A45D-85C18B128B51}.Debug|x86.Deploy.0 = Debug|Any CPU
		{9FDB2850-98C5-4EC7-A45D-85C18B128B51}.Release|Any CPU.ActiveCfg = Release|Any CPU
		{9FDB2850-98C5-4EC7-A45D-85C18B128B51}.Release|Any CPU.Build.0 = Release|Any CPU
		{9FDB2850-98C5-4EC7-A45D-85C18B128B51}.Release|Any CPU.Deploy.0 = Release|Any CPU
		{9FDB2850-98C5-4EC7-A45D-85C18B128B51}.Release|ARM.ActiveCfg = Release|Any CPU
		{9FDB2850-98C5-4EC7-A45D-85C18B128B51}.Release|ARM.Build.0 = Release|Any CPU
		{9FDB2850-98C5-4EC7-A45D-85C18B128B51}.Release|ARM.Deploy.0 = Release|Any CPU
		{9FDB2850-98C5-4EC7-A45D-85C18B128B51}.Release|iPhone.ActiveCfg = Release|Any CPU
		{9FDB2850-98C5-4EC7-A45D-85C18B128B51}.Release|iPhone.Build.0 = Release|Any CPU
		{9FDB2850-98C5-4EC7-A45D-85C18B128B51}.Release|iPhone.Deploy.0 = Release|Any CPU
		{9FDB2850-98C5-4EC7-A45D-85C18B128B51}.Release|iPhoneSimulator.ActiveCfg = Release|Any CPU
		{9FDB2850-98C5-4EC7-A45D-85C18B128B51}.Release|iPhoneSimulator.Build.0 = Release|Any CPU
		{9FDB2850-98C5-4EC7-A45D-85C18B128B51}.Release|iPhoneSimulator.Deploy.0 = Release|Any CPU
		{9FDB2850-98C5-4EC7-A45D-85C18B128B51}.Release|x64.ActiveCfg = Release|Any CPU
		{9FDB2850-98C5-4EC7-A45D-85C18B128B51}.Release|x64.Build.0 = Release|Any CPU
		{9FDB2850-98C5-4EC7-A45D-85C18B128B51}.Release|x64.Deploy.0 = Release|Any CPU
		{9FDB2850-98C5-4EC7-A45D-85C18B128B51}.Release|x86.ActiveCfg = Release|Any CPU
		{9FDB2850-98C5-4EC7-A45D-85C18B128B51}.Release|x86.Build.0 = Release|Any CPU
		{9FDB2850-98C5-4EC7-A45D-85C18B128B51}.Release|x86.Deploy.0 = Release|Any CPU
		{226EB3B2-E517-4EFD-9D9B-7398841E6AB6}.Ad-Hoc|Any CPU.ActiveCfg = Ad-Hoc|iPhone
		{226EB3B2-E517-4EFD-9D9B-7398841E6AB6}.Ad-Hoc|ARM.ActiveCfg = Ad-Hoc|iPhone
		{226EB3B2-E517-4EFD-9D9B-7398841E6AB6}.Ad-Hoc|iPhone.ActiveCfg = Ad-Hoc|iPhone
		{226EB3B2-E517-4EFD-9D9B-7398841E6AB6}.Ad-Hoc|iPhone.Build.0 = Ad-Hoc|iPhone
		{226EB3B2-E517-4EFD-9D9B-7398841E6AB6}.Ad-Hoc|iPhoneSimulator.ActiveCfg = Ad-Hoc|iPhoneSimulator
		{226EB3B2-E517-4EFD-9D9B-7398841E6AB6}.Ad-Hoc|iPhoneSimulator.Build.0 = Ad-Hoc|iPhoneSimulator
		{226EB3B2-E517-4EFD-9D9B-7398841E6AB6}.Ad-Hoc|x64.ActiveCfg = Ad-Hoc|iPhone
		{226EB3B2-E517-4EFD-9D9B-7398841E6AB6}.Ad-Hoc|x86.ActiveCfg = Ad-Hoc|iPhone
		{226EB3B2-E517-4EFD-9D9B-7398841E6AB6}.AppStore|Any CPU.ActiveCfg = AppStore|iPhone
		{226EB3B2-E517-4EFD-9D9B-7398841E6AB6}.AppStore|ARM.ActiveCfg = AppStore|iPhone
		{226EB3B2-E517-4EFD-9D9B-7398841E6AB6}.AppStore|iPhone.ActiveCfg = AppStore|iPhone
		{226EB3B2-E517-4EFD-9D9B-7398841E6AB6}.AppStore|iPhone.Build.0 = AppStore|iPhone
		{226EB3B2-E517-4EFD-9D9B-7398841E6AB6}.AppStore|iPhoneSimulator.ActiveCfg = AppStore|iPhoneSimulator
		{226EB3B2-E517-4EFD-9D9B-7398841E6AB6}.AppStore|iPhoneSimulator.Build.0 = AppStore|iPhoneSimulator
		{226EB3B2-E517-4EFD-9D9B-7398841E6AB6}.AppStore|x64.ActiveCfg = AppStore|iPhone
		{226EB3B2-E517-4EFD-9D9B-7398841E6AB6}.AppStore|x86.ActiveCfg = AppStore|iPhone
		{226EB3B2-E517-4EFD-9D9B-7398841E6AB6}.Debug|Any CPU.ActiveCfg = Debug|iPhone
		{226EB3B2-E517-4EFD-9D9B-7398841E6AB6}.Debug|ARM.ActiveCfg = Debug|iPhone
		{226EB3B2-E517-4EFD-9D9B-7398841E6AB6}.Debug|iPhone.ActiveCfg = Debug|iPhone
		{226EB3B2-E517-4EFD-9D9B-7398841E6AB6}.Debug|iPhone.Build.0 = Debug|iPhone
		{226EB3B2-E517-4EFD-9D9B-7398841E6AB6}.Debug|iPhoneSimulator.ActiveCfg = Debug|iPhoneSimulator
		{226EB3B2-E517-4EFD-9D9B-7398841E6AB6}.Debug|iPhoneSimulator.Build.0 = Debug|iPhoneSimulator
		{226EB3B2-E517-4EFD-9D9B-7398841E6AB6}.Debug|x64.ActiveCfg = Debug|iPhone
		{226EB3B2-E517-4EFD-9D9B-7398841E6AB6}.Debug|x86.ActiveCfg = Debug|iPhone
		{226EB3B2-E517-4EFD-9D9B-7398841E6AB6}.Release|Any CPU.ActiveCfg = Release|iPhone
		{226EB3B2-E517-4EFD-9D9B-7398841E6AB6}.Release|ARM.ActiveCfg = Release|iPhone
		{226EB3B2-E517-4EFD-9D9B-7398841E6AB6}.Release|iPhone.ActiveCfg = Release|iPhone
		{226EB3B2-E517-4EFD-9D9B-7398841E6AB6}.Release|iPhone.Build.0 = Release|iPhone
		{226EB3B2-E517-4EFD-9D9B-7398841E6AB6}.Release|iPhoneSimulator.ActiveCfg = Release|iPhoneSimulator
		{226EB3B2-E517-4EFD-9D9B-7398841E6AB6}.Release|iPhoneSimulator.Build.0 = Release|iPhoneSimulator
		{226EB3B2-E517-4EFD-9D9B-7398841E6AB6}.Release|x64.ActiveCfg = Release|iPhone
		{226EB3B2-E517-4EFD-9D9B-7398841E6AB6}.Release|x86.ActiveCfg = Release|iPhone
		{4A2A5CE3-DB72-47E8-817C-D80EA641F249}.Ad-Hoc|Any CPU.ActiveCfg = Release|Any CPU
		{4A2A5CE3-DB72-47E8-817C-D80EA641F249}.Ad-Hoc|Any CPU.Build.0 = Release|Any CPU
		{4A2A5CE3-DB72-47E8-817C-D80EA641F249}.Ad-Hoc|Any CPU.Deploy.0 = Release|Any CPU
		{4A2A5CE3-DB72-47E8-817C-D80EA641F249}.Ad-Hoc|ARM.ActiveCfg = Release|ARM
		{4A2A5CE3-DB72-47E8-817C-D80EA641F249}.Ad-Hoc|ARM.Build.0 = Release|ARM
		{4A2A5CE3-DB72-47E8-817C-D80EA641F249}.Ad-Hoc|ARM.Deploy.0 = Release|ARM
		{4A2A5CE3-DB72-47E8-817C-D80EA641F249}.Ad-Hoc|iPhone.ActiveCfg = Release|Any CPU
		{4A2A5CE3-DB72-47E8-817C-D80EA641F249}.Ad-Hoc|iPhone.Build.0 = Release|Any CPU
		{4A2A5CE3-DB72-47E8-817C-D80EA641F249}.Ad-Hoc|iPhone.Deploy.0 = Release|Any CPU
		{4A2A5CE3-DB72-47E8-817C-D80EA641F249}.Ad-Hoc|iPhoneSimulator.ActiveCfg = Release|Any CPU
		{4A2A5CE3-DB72-47E8-817C-D80EA641F249}.Ad-Hoc|iPhoneSimulator.Build.0 = Release|Any CPU
		{4A2A5CE3-DB72-47E8-817C-D80EA641F249}.Ad-Hoc|iPhoneSimulator.Deploy.0 = Release|Any CPU
		{4A2A5CE3-DB72-47E8-817C-D80EA641F249}.Ad-Hoc|x64.ActiveCfg = Release|Any CPU
		{4A2A5CE3-DB72-47E8-817C-D80EA641F249}.Ad-Hoc|x64.Build.0 = Release|Any CPU
		{4A2A5CE3-DB72-47E8-817C-D80EA641F249}.Ad-Hoc|x64.Deploy.0 = Release|Any CPU
		{4A2A5CE3-DB72-47E8-817C-D80EA641F249}.Ad-Hoc|x86.ActiveCfg = Release|x86
		{4A2A5CE3-DB72-47E8-817C-D80EA641F249}.Ad-Hoc|x86.Build.0 = Release|x86
		{4A2A5CE3-DB72-47E8-817C-D80EA641F249}.Ad-Hoc|x86.Deploy.0 = Release|x86
		{4A2A5CE3-DB72-47E8-817C-D80EA641F249}.AppStore|Any CPU.ActiveCfg = Release|Any CPU
		{4A2A5CE3-DB72-47E8-817C-D80EA641F249}.AppStore|Any CPU.Build.0 = Release|Any CPU
		{4A2A5CE3-DB72-47E8-817C-D80EA641F249}.AppStore|Any CPU.Deploy.0 = Release|Any CPU
		{4A2A5CE3-DB72-47E8-817C-D80EA641F249}.AppStore|ARM.ActiveCfg = Release|ARM
		{4A2A5CE3-DB72-47E8-817C-D80EA641F249}.AppStore|ARM.Build.0 = Release|ARM
		{4A2A5CE3-DB72-47E8-817C-D80EA641F249}.AppStore|ARM.Deploy.0 = Release|ARM
		{4A2A5CE3-DB72-47E8-817C-D80EA641F249}.AppStore|iPhone.ActiveCfg = Release|Any CPU
		{4A2A5CE3-DB72-47E8-817C-D80EA641F249}.AppStore|iPhone.Build.0 = Release|Any CPU
		{4A2A5CE3-DB72-47E8-817C-D80EA641F249}.AppStore|iPhone.Deploy.0 = Release|Any CPU
		{4A2A5CE3-DB72-47E8-817C-D80EA641F249}.AppStore|iPhoneSimulator.ActiveCfg = Release|Any CPU
		{4A2A5CE3-DB72-47E8-817C-D80EA641F249}.AppStore|iPhoneSimulator.Build.0 = Release|Any CPU
		{4A2A5CE3-DB72-47E8-817C-D80EA641F249}.AppStore|iPhoneSimulator.Deploy.0 = Release|Any CPU
		{4A2A5CE3-DB72-47E8-817C-D80EA641F249}.AppStore|x64.ActiveCfg = Release|Any CPU
		{4A2A5CE3-DB72-47E8-817C-D80EA641F249}.AppStore|x64.Build.0 = Release|Any CPU
		{4A2A5CE3-DB72-47E8-817C-D80EA641F249}.AppStore|x64.Deploy.0 = Release|Any CPU
		{4A2A5CE3-DB72-47E8-817C-D80EA641F249}.AppStore|x86.ActiveCfg = Release|x86
		{4A2A5CE3-DB72-47E8-817C-D80EA641F249}.AppStore|x86.Build.0 = Release|x86
		{4A2A5CE3-DB72-47E8-817C-D80EA641F249}.AppStore|x86.Deploy.0 = Release|x86
		{4A2A5CE3-DB72-47E8-817C-D80EA641F249}.Debug|Any CPU.ActiveCfg = Debug|Any CPU
		{4A2A5CE3-DB72-47E8-817C-D80EA641F249}.Debug|Any CPU.Build.0 = Debug|Any CPU
		{4A2A5CE3-DB72-47E8-817C-D80EA641F249}.Debug|Any CPU.Deploy.0 = Debug|Any CPU
		{4A2A5CE3-DB72-47E8-817C-D80EA641F249}.Debug|ARM.ActiveCfg = Debug|ARM
		{4A2A5CE3-DB72-47E8-817C-D80EA641F249}.Debug|ARM.Build.0 = Debug|ARM
		{4A2A5CE3-DB72-47E8-817C-D80EA641F249}.Debug|ARM.Deploy.0 = Debug|ARM
		{4A2A5CE3-DB72-47E8-817C-D80EA641F249}.Debug|iPhone.ActiveCfg = Debug|Any CPU
		{4A2A5CE3-DB72-47E8-817C-D80EA641F249}.Debug|iPhone.Build.0 = Debug|Any CPU
		{4A2A5CE3-DB72-47E8-817C-D80EA641F249}.Debug|iPhone.Deploy.0 = Debug|Any CPU
		{4A2A5CE3-DB72-47E8-817C-D80EA641F249}.Debug|iPhoneSimulator.ActiveCfg = Debug|Any CPU
		{4A2A5CE3-DB72-47E8-817C-D80EA641F249}.Debug|iPhoneSimulator.Build.0 = Debug|Any CPU
		{4A2A5CE3-DB72-47E8-817C-D80EA641F249}.Debug|iPhoneSimulator.Deploy.0 = Debug|Any CPU
		{4A2A5CE3-DB72-47E8-817C-D80EA641F249}.Debug|x64.ActiveCfg = Debug|Any CPU
		{4A2A5CE3-DB72-47E8-817C-D80EA641F249}.Debug|x64.Build.0 = Debug|Any CPU
		{4A2A5CE3-DB72-47E8-817C-D80EA641F249}.Debug|x64.Deploy.0 = Debug|Any CPU
		{4A2A5CE3-DB72-47E8-817C-D80EA641F249}.Debug|x86.ActiveCfg = Debug|x86
		{4A2A5CE3-DB72-47E8-817C-D80EA641F249}.Debug|x86.Build.0 = Debug|x86
		{4A2A5CE3-DB72-47E8-817C-D80EA641F249}.Debug|x86.Deploy.0 = Debug|x86
		{4A2A5CE3-DB72-47E8-817C-D80EA641F249}.Release|Any CPU.ActiveCfg = Release|Any CPU
		{4A2A5CE3-DB72-47E8-817C-D80EA641F249}.Release|Any CPU.Build.0 = Release|Any CPU
		{4A2A5CE3-DB72-47E8-817C-D80EA641F249}.Release|Any CPU.Deploy.0 = Release|Any CPU
		{4A2A5CE3-DB72-47E8-817C-D80EA641F249}.Release|ARM.ActiveCfg = Release|ARM
		{4A2A5CE3-DB72-47E8-817C-D80EA641F249}.Release|ARM.Build.0 = Release|ARM
		{4A2A5CE3-DB72-47E8-817C-D80EA641F249}.Release|ARM.Deploy.0 = Release|ARM
		{4A2A5CE3-DB72-47E8-817C-D80EA641F249}.Release|iPhone.ActiveCfg = Release|Any CPU
		{4A2A5CE3-DB72-47E8-817C-D80EA641F249}.Release|iPhone.Build.0 = Release|Any CPU
		{4A2A5CE3-DB72-47E8-817C-D80EA641F249}.Release|iPhone.Deploy.0 = Release|Any CPU
		{4A2A5CE3-DB72-47E8-817C-D80EA641F249}.Release|iPhoneSimulator.ActiveCfg = Release|Any CPU
		{4A2A5CE3-DB72-47E8-817C-D80EA641F249}.Release|iPhoneSimulator.Build.0 = Release|Any CPU
		{4A2A5CE3-DB72-47E8-817C-D80EA641F249}.Release|iPhoneSimulator.Deploy.0 = Release|Any CPU
		{4A2A5CE3-DB72-47E8-817C-D80EA641F249}.Release|x64.ActiveCfg = Release|Any CPU
		{4A2A5CE3-DB72-47E8-817C-D80EA641F249}.Release|x64.Build.0 = Release|Any CPU
		{4A2A5CE3-DB72-47E8-817C-D80EA641F249}.Release|x64.Deploy.0 = Release|Any CPU
		{4A2A5CE3-DB72-47E8-817C-D80EA641F249}.Release|x86.ActiveCfg = Release|x86
		{4A2A5CE3-DB72-47E8-817C-D80EA641F249}.Release|x86.Build.0 = Release|x86
		{4A2A5CE3-DB72-47E8-817C-D80EA641F249}.Release|x86.Deploy.0 = Release|x86
		{00FE7848-DA6B-4C88-B7FB-AECA2E28E3AB}.Ad-Hoc|Any CPU.ActiveCfg = Release|Any CPU
		{00FE7848-DA6B-4C88-B7FB-AECA2E28E3AB}.Ad-Hoc|Any CPU.Build.0 = Release|Any CPU
		{00FE7848-DA6B-4C88-B7FB-AECA2E28E3AB}.Ad-Hoc|Any CPU.Deploy.0 = Release|Any CPU
		{00FE7848-DA6B-4C88-B7FB-AECA2E28E3AB}.Ad-Hoc|ARM.ActiveCfg = Release|ARM
		{00FE7848-DA6B-4C88-B7FB-AECA2E28E3AB}.Ad-Hoc|ARM.Build.0 = Release|ARM
		{00FE7848-DA6B-4C88-B7FB-AECA2E28E3AB}.Ad-Hoc|ARM.Deploy.0 = Release|ARM
		{00FE7848-DA6B-4C88-B7FB-AECA2E28E3AB}.Ad-Hoc|iPhone.ActiveCfg = Release|Any CPU
		{00FE7848-DA6B-4C88-B7FB-AECA2E28E3AB}.Ad-Hoc|iPhone.Build.0 = Release|Any CPU
		{00FE7848-DA6B-4C88-B7FB-AECA2E28E3AB}.Ad-Hoc|iPhone.Deploy.0 = Release|Any CPU
		{00FE7848-DA6B-4C88-B7FB-AECA2E28E3AB}.Ad-Hoc|iPhoneSimulator.ActiveCfg = Release|Any CPU
		{00FE7848-DA6B-4C88-B7FB-AECA2E28E3AB}.Ad-Hoc|iPhoneSimulator.Build.0 = Release|Any CPU
		{00FE7848-DA6B-4C88-B7FB-AECA2E28E3AB}.Ad-Hoc|iPhoneSimulator.Deploy.0 = Release|Any CPU
		{00FE7848-DA6B-4C88-B7FB-AECA2E28E3AB}.Ad-Hoc|x64.ActiveCfg = Release|x64
		{00FE7848-DA6B-4C88-B7FB-AECA2E28E3AB}.Ad-Hoc|x64.Build.0 = Release|x64
		{00FE7848-DA6B-4C88-B7FB-AECA2E28E3AB}.Ad-Hoc|x64.Deploy.0 = Release|x64
		{00FE7848-DA6B-4C88-B7FB-AECA2E28E3AB}.Ad-Hoc|x86.ActiveCfg = Release|x86
		{00FE7848-DA6B-4C88-B7FB-AECA2E28E3AB}.Ad-Hoc|x86.Build.0 = Release|x86
		{00FE7848-DA6B-4C88-B7FB-AECA2E28E3AB}.Ad-Hoc|x86.Deploy.0 = Release|x86
		{00FE7848-DA6B-4C88-B7FB-AECA2E28E3AB}.AppStore|Any CPU.ActiveCfg = Release|Any CPU
		{00FE7848-DA6B-4C88-B7FB-AECA2E28E3AB}.AppStore|Any CPU.Build.0 = Release|Any CPU
		{00FE7848-DA6B-4C88-B7FB-AECA2E28E3AB}.AppStore|Any CPU.Deploy.0 = Release|Any CPU
		{00FE7848-DA6B-4C88-B7FB-AECA2E28E3AB}.AppStore|ARM.ActiveCfg = Release|ARM
		{00FE7848-DA6B-4C88-B7FB-AECA2E28E3AB}.AppStore|ARM.Build.0 = Release|ARM
		{00FE7848-DA6B-4C88-B7FB-AECA2E28E3AB}.AppStore|ARM.Deploy.0 = Release|ARM
		{00FE7848-DA6B-4C88-B7FB-AECA2E28E3AB}.AppStore|iPhone.ActiveCfg = Release|Any CPU
		{00FE7848-DA6B-4C88-B7FB-AECA2E28E3AB}.AppStore|iPhone.Build.0 = Release|Any CPU
		{00FE7848-DA6B-4C88-B7FB-AECA2E28E3AB}.AppStore|iPhone.Deploy.0 = Release|Any CPU
		{00FE7848-DA6B-4C88-B7FB-AECA2E28E3AB}.AppStore|iPhoneSimulator.ActiveCfg = Release|Any CPU
		{00FE7848-DA6B-4C88-B7FB-AECA2E28E3AB}.AppStore|iPhoneSimulator.Build.0 = Release|Any CPU
		{00FE7848-DA6B-4C88-B7FB-AECA2E28E3AB}.AppStore|iPhoneSimulator.Deploy.0 = Release|Any CPU
		{00FE7848-DA6B-4C88-B7FB-AECA2E28E3AB}.AppStore|x64.ActiveCfg = Release|x64
		{00FE7848-DA6B-4C88-B7FB-AECA2E28E3AB}.AppStore|x64.Build.0 = Release|x64
		{00FE7848-DA6B-4C88-B7FB-AECA2E28E3AB}.AppStore|x64.Deploy.0 = Release|x64
		{00FE7848-DA6B-4C88-B7FB-AECA2E28E3AB}.AppStore|x86.ActiveCfg = Release|x86
		{00FE7848-DA6B-4C88-B7FB-AECA2E28E3AB}.AppStore|x86.Build.0 = Release|x86
		{00FE7848-DA6B-4C88-B7FB-AECA2E28E3AB}.AppStore|x86.Deploy.0 = Release|x86
		{00FE7848-DA6B-4C88-B7FB-AECA2E28E3AB}.Debug|Any CPU.ActiveCfg = Debug|Any CPU
		{00FE7848-DA6B-4C88-B7FB-AECA2E28E3AB}.Debug|Any CPU.Build.0 = Debug|Any CPU
		{00FE7848-DA6B-4C88-B7FB-AECA2E28E3AB}.Debug|Any CPU.Deploy.0 = Debug|Any CPU
		{00FE7848-DA6B-4C88-B7FB-AECA2E28E3AB}.Debug|ARM.ActiveCfg = Debug|ARM
		{00FE7848-DA6B-4C88-B7FB-AECA2E28E3AB}.Debug|ARM.Build.0 = Debug|ARM
		{00FE7848-DA6B-4C88-B7FB-AECA2E28E3AB}.Debug|ARM.Deploy.0 = Debug|ARM
		{00FE7848-DA6B-4C88-B7FB-AECA2E28E3AB}.Debug|iPhone.ActiveCfg = Debug|Any CPU
		{00FE7848-DA6B-4C88-B7FB-AECA2E28E3AB}.Debug|iPhone.Build.0 = Debug|Any CPU
		{00FE7848-DA6B-4C88-B7FB-AECA2E28E3AB}.Debug|iPhone.Deploy.0 = Debug|Any CPU
		{00FE7848-DA6B-4C88-B7FB-AECA2E28E3AB}.Debug|iPhoneSimulator.ActiveCfg = Debug|Any CPU
		{00FE7848-DA6B-4C88-B7FB-AECA2E28E3AB}.Debug|iPhoneSimulator.Build.0 = Debug|Any CPU
		{00FE7848-DA6B-4C88-B7FB-AECA2E28E3AB}.Debug|iPhoneSimulator.Deploy.0 = Debug|Any CPU
		{00FE7848-DA6B-4C88-B7FB-AECA2E28E3AB}.Debug|x64.ActiveCfg = Debug|x64
		{00FE7848-DA6B-4C88-B7FB-AECA2E28E3AB}.Debug|x64.Build.0 = Debug|x64
		{00FE7848-DA6B-4C88-B7FB-AECA2E28E3AB}.Debug|x64.Deploy.0 = Debug|x64
		{00FE7848-DA6B-4C88-B7FB-AECA2E28E3AB}.Debug|x86.ActiveCfg = Debug|x86
		{00FE7848-DA6B-4C88-B7FB-AECA2E28E3AB}.Debug|x86.Build.0 = Debug|x86
		{00FE7848-DA6B-4C88-B7FB-AECA2E28E3AB}.Debug|x86.Deploy.0 = Debug|x86
		{00FE7848-DA6B-4C88-B7FB-AECA2E28E3AB}.Release|Any CPU.ActiveCfg = Release|Any CPU
		{00FE7848-DA6B-4C88-B7FB-AECA2E28E3AB}.Release|Any CPU.Build.0 = Release|Any CPU
		{00FE7848-DA6B-4C88-B7FB-AECA2E28E3AB}.Release|Any CPU.Deploy.0 = Release|Any CPU
		{00FE7848-DA6B-4C88-B7FB-AECA2E28E3AB}.Release|ARM.ActiveCfg = Release|ARM
		{00FE7848-DA6B-4C88-B7FB-AECA2E28E3AB}.Release|ARM.Build.0 = Release|ARM
		{00FE7848-DA6B-4C88-B7FB-AECA2E28E3AB}.Release|ARM.Deploy.0 = Release|ARM
		{00FE7848-DA6B-4C88-B7FB-AECA2E28E3AB}.Release|iPhone.ActiveCfg = Release|Any CPU
		{00FE7848-DA6B-4C88-B7FB-AECA2E28E3AB}.Release|iPhone.Build.0 = Release|Any CPU
		{00FE7848-DA6B-4C88-B7FB-AECA2E28E3AB}.Release|iPhone.Deploy.0 = Release|Any CPU
		{00FE7848-DA6B-4C88-B7FB-AECA2E28E3AB}.Release|iPhoneSimulator.ActiveCfg = Release|Any CPU
		{00FE7848-DA6B-4C88-B7FB-AECA2E28E3AB}.Release|iPhoneSimulator.Build.0 = Release|Any CPU
		{00FE7848-DA6B-4C88-B7FB-AECA2E28E3AB}.Release|iPhoneSimulator.Deploy.0 = Release|Any CPU
		{00FE7848-DA6B-4C88-B7FB-AECA2E28E3AB}.Release|x64.ActiveCfg = Release|x64
		{00FE7848-DA6B-4C88-B7FB-AECA2E28E3AB}.Release|x64.Build.0 = Release|x64
		{00FE7848-DA6B-4C88-B7FB-AECA2E28E3AB}.Release|x64.Deploy.0 = Release|x64
		{00FE7848-DA6B-4C88-B7FB-AECA2E28E3AB}.Release|x86.ActiveCfg = Release|x86
		{00FE7848-DA6B-4C88-B7FB-AECA2E28E3AB}.Release|x86.Build.0 = Release|x86
		{00FE7848-DA6B-4C88-B7FB-AECA2E28E3AB}.Release|x86.Deploy.0 = Release|x86
		{0A73C5B8-FEF6-4888-B358-665135566CAE}.Ad-Hoc|Any CPU.ActiveCfg = Release|Any CPU
		{0A73C5B8-FEF6-4888-B358-665135566CAE}.Ad-Hoc|Any CPU.Build.0 = Release|Any CPU
		{0A73C5B8-FEF6-4888-B358-665135566CAE}.Ad-Hoc|ARM.ActiveCfg = Release|Any CPU
		{0A73C5B8-FEF6-4888-B358-665135566CAE}.Ad-Hoc|ARM.Build.0 = Release|Any CPU
		{0A73C5B8-FEF6-4888-B358-665135566CAE}.Ad-Hoc|iPhone.ActiveCfg = Release|Any CPU
		{0A73C5B8-FEF6-4888-B358-665135566CAE}.Ad-Hoc|iPhone.Build.0 = Release|Any CPU
		{0A73C5B8-FEF6-4888-B358-665135566CAE}.Ad-Hoc|iPhoneSimulator.ActiveCfg = Release|Any CPU
		{0A73C5B8-FEF6-4888-B358-665135566CAE}.Ad-Hoc|iPhoneSimulator.Build.0 = Release|Any CPU
		{0A73C5B8-FEF6-4888-B358-665135566CAE}.Ad-Hoc|x64.ActiveCfg = Release|Any CPU
		{0A73C5B8-FEF6-4888-B358-665135566CAE}.Ad-Hoc|x64.Build.0 = Release|Any CPU
		{0A73C5B8-FEF6-4888-B358-665135566CAE}.Ad-Hoc|x86.ActiveCfg = Release|Any CPU
		{0A73C5B8-FEF6-4888-B358-665135566CAE}.Ad-Hoc|x86.Build.0 = Release|Any CPU
		{0A73C5B8-FEF6-4888-B358-665135566CAE}.AppStore|Any CPU.ActiveCfg = Release|Any CPU
		{0A73C5B8-FEF6-4888-B358-665135566CAE}.AppStore|Any CPU.Build.0 = Release|Any CPU
		{0A73C5B8-FEF6-4888-B358-665135566CAE}.AppStore|ARM.ActiveCfg = Release|Any CPU
		{0A73C5B8-FEF6-4888-B358-665135566CAE}.AppStore|ARM.Build.0 = Release|Any CPU
		{0A73C5B8-FEF6-4888-B358-665135566CAE}.AppStore|iPhone.ActiveCfg = Release|Any CPU
		{0A73C5B8-FEF6-4888-B358-665135566CAE}.AppStore|iPhone.Build.0 = Release|Any CPU
		{0A73C5B8-FEF6-4888-B358-665135566CAE}.AppStore|iPhoneSimulator.ActiveCfg = Release|Any CPU
		{0A73C5B8-FEF6-4888-B358-665135566CAE}.AppStore|iPhoneSimulator.Build.0 = Release|Any CPU
		{0A73C5B8-FEF6-4888-B358-665135566CAE}.AppStore|x64.ActiveCfg = Release|Any CPU
		{0A73C5B8-FEF6-4888-B358-665135566CAE}.AppStore|x64.Build.0 = Release|Any CPU
		{0A73C5B8-FEF6-4888-B358-665135566CAE}.AppStore|x86.ActiveCfg = Release|Any CPU
		{0A73C5B8-FEF6-4888-B358-665135566CAE}.AppStore|x86.Build.0 = Release|Any CPU
		{0A73C5B8-FEF6-4888-B358-665135566CAE}.Debug|Any CPU.ActiveCfg = Debug|Any CPU
		{0A73C5B8-FEF6-4888-B358-665135566CAE}.Debug|Any CPU.Build.0 = Debug|Any CPU
		{0A73C5B8-FEF6-4888-B358-665135566CAE}.Debug|ARM.ActiveCfg = Debug|Any CPU
		{0A73C5B8-FEF6-4888-B358-665135566CAE}.Debug|ARM.Build.0 = Debug|Any CPU
		{0A73C5B8-FEF6-4888-B358-665135566CAE}.Debug|iPhone.ActiveCfg = Debug|Any CPU
		{0A73C5B8-FEF6-4888-B358-665135566CAE}.Debug|iPhone.Build.0 = Debug|Any CPU
		{0A73C5B8-FEF6-4888-B358-665135566CAE}.Debug|iPhoneSimulator.ActiveCfg = Debug|Any CPU
		{0A73C5B8-FEF6-4888-B358-665135566CAE}.Debug|iPhoneSimulator.Build.0 = Debug|Any CPU
		{0A73C5B8-FEF6-4888-B358-665135566CAE}.Debug|x64.ActiveCfg = Debug|Any CPU
		{0A73C5B8-FEF6-4888-B358-665135566CAE}.Debug|x64.Build.0 = Debug|Any CPU
		{0A73C5B8-FEF6-4888-B358-665135566CAE}.Debug|x86.ActiveCfg = Debug|Any CPU
		{0A73C5B8-FEF6-4888-B358-665135566CAE}.Debug|x86.Build.0 = Debug|Any CPU
		{0A73C5B8-FEF6-4888-B358-665135566CAE}.Release|Any CPU.ActiveCfg = Release|Any CPU
		{0A73C5B8-FEF6-4888-B358-665135566CAE}.Release|Any CPU.Build.0 = Release|Any CPU
		{0A73C5B8-FEF6-4888-B358-665135566CAE}.Release|ARM.ActiveCfg = Release|Any CPU
		{0A73C5B8-FEF6-4888-B358-665135566CAE}.Release|ARM.Build.0 = Release|Any CPU
		{0A73C5B8-FEF6-4888-B358-665135566CAE}.Release|iPhone.ActiveCfg = Release|Any CPU
		{0A73C5B8-FEF6-4888-B358-665135566CAE}.Release|iPhone.Build.0 = Release|Any CPU
		{0A73C5B8-FEF6-4888-B358-665135566CAE}.Release|iPhoneSimulator.ActiveCfg = Release|Any CPU
		{0A73C5B8-FEF6-4888-B358-665135566CAE}.Release|iPhoneSimulator.Build.0 = Release|Any CPU
		{0A73C5B8-FEF6-4888-B358-665135566CAE}.Release|x64.ActiveCfg = Release|Any CPU
		{0A73C5B8-FEF6-4888-B358-665135566CAE}.Release|x64.Build.0 = Release|Any CPU
		{0A73C5B8-FEF6-4888-B358-665135566CAE}.Release|x86.ActiveCfg = Release|Any CPU
		{0A73C5B8-FEF6-4888-B358-665135566CAE}.Release|x86.Build.0 = Release|Any CPU
	EndGlobalSection
	GlobalSection(SolutionProperties) = preSolution
		HideSolutionNode = FALSE
	EndGlobalSection
EndGlobal
